{
  "name": "@votomatic/frontend",
  "version": "0.0.1",
  "lockfileVersion": 3,
  "requires": true,
  "packages": {
    "": {
      "name": "@votomatic/frontend",
      "version": "0.0.1",
      "dependencies": {
        "@astrojs/cloudflare": "^12.6.10",
        "@astrojs/react": "^4.4.0",
        "@sanity/astro": "^3.2.6",
        "@sanity/image-url": "^1.2.0",
        "@types/p5": "1.7.6",
        "@types/react": "^19.0.12",
        "@types/react-dom": "^19.0.4",
        "astro": "^5.14.7",
        "class-variance-authority": "^0.7.1",
        "clsx": "^2.1.1",
        "p5": "1.9.4",
        "react": "^19.1.0",
        "react-dom": "^19.1.0",
        "react-is": "^19.1.0",
        "sanity": "^3.82.0",
        "tailwind-merge": "^3.3.1"
      },
      "devDependencies": {
        "@astrojs/check": "^0.9.5",
        "@cloudflare/workers-types": "^4.20251014.0",
        "@sanity/client": "^6.28.4",
        "@tailwindcss/vite": "^4.1.15",
        "tailwindcss": "^4.0.0",
        "typescript": "^5.9.3",
        "vitest": "^3.2.4"
      }
    },
    "../node_modules/.pnpm/@astrojs+check@0.9.5_prettier@3.6.2_typescript@5.9.3/node_modules/@astrojs/check": {
      "version": "0.9.5",
      "dev": true,
      "license": "MIT",
      "dependencies": {
        "@astrojs/language-server": "^2.15.0",
        "chokidar": "^4.0.1",
        "kleur": "^4.1.5",
        "yargs": "^17.7.2"
      },
      "bin": {
        "astro-check": "dist/bin.js"
      },
      "devDependencies": {
        "@types/chai": "^4.3.5",
        "@types/mocha": "^10.0.1",
        "@types/node": "^20.9.0",
        "@types/yargs": "^17.0.24",
        "chai": "^4.3.7",
        "mocha": "^10.2.0",
        "tsx": "^3.12.7"
      },
      "peerDependencies": {
        "typescript": "^5.0.0"
      }
    },
    "../node_modules/.pnpm/@astrojs+cloudflare@12.6.10_@types+node@24.9.1_astro@5.14.7_@types+node@24.9.1_aws4fetc_b08ed165ba19eb4e3effd9f2833e29bc/node_modules/@astrojs/cloudflare": {
      "version": "12.6.10",
      "license": "MIT",
      "dependencies": {
        "@astrojs/internal-helpers": "0.7.4",
        "@astrojs/underscore-redirects": "1.0.0",
        "@cloudflare/workers-types": "^4.20251003.0",
        "tinyglobby": "^0.2.15",
        "vite": "^6.3.6",
        "wrangler": "4.41.0"
      },
      "devDependencies": {
        "astro": "5.14.3",
        "astro-scripts": "0.0.14",
        "cheerio": "1.1.2",
        "devalue": "^5.3.2",
        "execa": "^8.0.1",
        "rollup": "^4.52.3"
      },
      "peerDependencies": {
        "astro": "^5.7.0"
      }
    },
    "../node_modules/.pnpm/@astrojs+react@4.4.0_@types+node@24.9.1_@types+react-dom@19.0.4_@types+react@19.0.12__@_5772714379e8ad69e06c6244b9abe764/node_modules/@astrojs/react": {
      "version": "4.4.0",
      "license": "MIT",
      "dependencies": {
        "@vitejs/plugin-react": "^4.7.0",
        "ultrahtml": "^1.6.0",
        "vite": "^6.3.6"
      },
      "devDependencies": {
        "@types/react": "^18.3.24",
        "@types/react-dom": "^18.3.7",
        "astro": "5.14.0",
        "astro-scripts": "0.0.14",
        "cheerio": "1.1.2",
        "react": "^18.3.1",
        "react-dom": "^18.3.1"
      },
      "engines": {
        "node": "18.20.8 || ^20.3.0 || >=22.0.0"
      },
      "peerDependencies": {
        "@types/react": "^17.0.50 || ^18.0.21 || ^19.0.0",
        "@types/react-dom": "^17.0.17 || ^18.0.6 || ^19.0.0",
        "react": "^17.0.2 || ^18.0.0 || ^19.0.0",
        "react-dom": "^17.0.2 || ^18.0.0 || ^19.0.0"
      }
    },
    "../node_modules/.pnpm/@cloudflare+workers-types@4.20251014.0/node_modules/@cloudflare/workers-types": {
      "version": "4.20251014.0",
      "dev": true,
      "license": "MIT OR Apache-2.0"
    },
    "../node_modules/.pnpm/@sanity+astro@3.2.6_@emotion+is-prop-valid@1.2.2_@sanity+client@6.28.4_@sanity+types@3._8ae6773e136e08c1130f5d887e303a81/node_modules/@sanity/astro": {
      "version": "3.2.6",
      "license": "MIT",
      "dependencies": {
        "@sanity/visual-editing": "^2.13.7",
        "history": "^5.3.0"
      },
      "devDependencies": {
        "@sanity/client": "^6.28.2",
        "@types/serialize-javascript": "^5.0.4",
        "astro": "^5.4.1",
        "react": "^19.0.0",
        "react-dom": "^19.0.0",
        "sanity": "^3.77.2",
        "serialize-javascript": "^6.0.2",
        "type-fest": "^4.36.0",
        "vite": "^6.2.0",
        "vite-plugin-dts": "^4.5.3"
      },
      "engines": {
        "node": ">=18.14.1"
      },
      "peerDependencies": {
        "@sanity/client": "^6.28.2",
        "astro": "^2.0.0 || ^3.0.0 || ^4.0.0 || ^5.0.0",
        "react": "^18.2.0 || ^19.0.0",
        "react-dom": "^18.2.0 || ^19.0.0",
        "react-is": "^18.2.0 || ^19.0.0",
        "sanity": "^3.77.2",
        "styled-components": "^6.1.15"
      }
    },
    "../node_modules/.pnpm/@sanity+client@6.28.4_debug@4.4.0/node_modules/@sanity/client": {
      "version": "6.28.4",
      "dev": true,
      "license": "MIT",
      "dependencies": {
        "@sanity/eventsource": "^5.0.2",
        "get-it": "^8.6.7",
        "rxjs": "^7.0.0"
      },
      "devDependencies": {
        "@edge-runtime/types": "^4.0.0",
        "@edge-runtime/vm": "^5.0.0",
        "@eslint/eslintrc": "^3.3.0",
        "@eslint/js": "^9.22.0",
        "@rollup/plugin-commonjs": "^28.0.3",
        "@rollup/plugin-node-resolve": "^16.0.1",
        "@sanity/client-latest": "npm:@sanity/client@latest",
        "@sanity/pkg-utils": "^7.1.1",
        "@types/json-diff": "^1.0.3",
        "@types/node": "^22.9.0",
        "@typescript-eslint/eslint-plugin": "^8.26.1",
        "@typescript-eslint/parser": "^8.26.1",
        "@vercel/stega": "0.1.2",
        "@vitest/coverage-v8": "3.0.9",
        "eslint": "^9.22.0",
        "eslint-config-prettier": "^10.1.1",
        "eslint-formatter-compact": "^8.40.0",
        "eslint-plugin-prettier": "^5.2.3",
        "eslint-plugin-simple-import-sort": "^12.1.1",
        "faucet": "^0.0.4",
        "globals": "^15.15.0",
        "happy-dom": "^12.10.3",
        "json-diff": "^1.0.6",
        "ls-engines": "^0.9.3",
        "msw": "^2.7.3",
        "next": "^15.2.3",
        "nock": "^13.5.6",
        "prettier": "^3.5.3",
        "prettier-plugin-packagejson": "^2.5.10",
        "rimraf": "^5.0.7",
        "rollup": "^4.36.0",
        "sse-channel": "^4.0.0",
        "terser": "^5.39.0",
        "typescript": "5.8.2",
        "vitest": "3.0.9"
      },
      "engines": {
        "node": ">=14.18"
      }
    },
    "../node_modules/.pnpm/@sanity+image-url@1.2.0/node_modules/@sanity/image-url": {
      "version": "1.2.0",
      "license": "MIT",
      "devDependencies": {
        "@changesets/changelog-github": "^0.5.1",
        "@changesets/cli": "^2.29.6",
        "@sanity/client": "^6.22.2",
        "@types/jest": "^27.4.0",
        "@types/node": "^17.0.18",
        "jest": "^27.5.1",
        "microbundle": "^0.15.1",
        "prettier": "^2.5.1",
        "rimraf": "^3.0.2",
        "ts-jest": "^27.1.3",
        "tslint": "^6.1.3",
        "tslint-config-prettier": "^1.15.0",
        "typescript": "^4.5.5"
      },
      "engines": {
        "node": ">=10.0.0"
      }
    },
    "../node_modules/.pnpm/@tailwindcss+vite@4.1.15_vite@6.2.4_@types+node@24.9.1_jiti@2.6.1_lightningcss@1.30.2_yaml@2.8.1_/node_modules/@tailwindcss/vite": {
      "version": "4.1.15",
      "dev": true,
      "license": "MIT",
      "dependencies": {
        "@tailwindcss/node": "4.1.15",
        "@tailwindcss/oxide": "4.1.15",
        "tailwindcss": "4.1.15"
      },
      "devDependencies": {
        "@types/node": "^20.19.0",
        "vite": "^7.0.0"
      },
      "peerDependencies": {
        "vite": "^5.2.0 || ^6 || ^7"
      }
    },
    "../node_modules/.pnpm/@types+p5@1.7.6/node_modules/@types/p5": {
      "version": "1.7.6",
      "license": "MIT"
    },
    "../node_modules/.pnpm/@types+react-dom@19.0.4_@types+react@19.0.12/node_modules/@types/react-dom": {
      "version": "19.0.4",
      "license": "MIT",
      "peerDependencies": {
        "@types/react": "^19.0.0"
      }
    },
    "../node_modules/.pnpm/@types+react@19.0.12/node_modules/@types/react": {
      "version": "19.0.12",
      "license": "MIT",
      "dependencies": {
        "csstype": "^3.0.2"
      }
    },
    "../node_modules/.pnpm/astro@5.14.7_@types+node@24.9.1_aws4fetch@1.0.20_jiti@2.6.1_lightningcss@1.30.2_rollup@_3ea5347f3620f9195a006a698fcbc3ec/node_modules/astro": {
      "version": "5.14.7",
      "license": "MIT",
      "dependencies": {
        "@astrojs/compiler": "^2.12.2",
        "@astrojs/internal-helpers": "0.7.4",
        "@astrojs/markdown-remark": "6.3.8",
        "@astrojs/telemetry": "3.3.0",
        "@capsizecss/unpack": "^3.0.0",
        "@oslojs/encoding": "^1.1.0",
        "@rollup/pluginutils": "^5.2.0",
        "acorn": "^8.15.0",
        "aria-query": "^5.3.2",
        "axobject-query": "^4.1.0",
        "boxen": "8.0.1",
        "ci-info": "^4.3.0",
        "clsx": "^2.1.1",
        "common-ancestor-path": "^1.0.1",
        "cookie": "^1.0.2",
        "cssesc": "^3.0.0",
        "debug": "^4.4.1",
        "deterministic-object-hash": "^2.0.2",
        "devalue": "^5.3.2",
        "diff": "^5.2.0",
        "dlv": "^1.1.3",
        "dset": "^3.1.4",
        "es-module-lexer": "^1.7.0",
        "esbuild": "^0.25.0",
        "estree-walker": "^3.0.3",
        "flattie": "^1.1.1",
        "fontace": "~0.3.0",
        "github-slugger": "^2.0.0",
        "html-escaper": "3.0.3",
        "http-cache-semantics": "^4.2.0",
        "import-meta-resolve": "^4.2.0",
        "js-yaml": "^4.1.0",
        "kleur": "^4.1.5",
        "magic-string": "^0.30.18",
        "magicast": "^0.3.5",
        "mrmime": "^2.0.1",
        "neotraverse": "^0.6.18",
        "p-limit": "^6.2.0",
        "p-queue": "^8.1.0",
        "package-manager-detector": "^1.3.0",
        "picomatch": "^4.0.3",
        "prompts": "^2.4.2",
        "rehype": "^13.0.2",
        "semver": "^7.7.2",
        "shiki": "^3.12.0",
        "smol-toml": "^1.4.2",
        "tinyexec": "^1.0.1",
        "tinyglobby": "^0.2.14",
        "tsconfck": "^3.1.6",
        "ultrahtml": "^1.6.0",
        "unifont": "~0.6.0",
        "unist-util-visit": "^5.0.0",
        "unstorage": "^1.17.0",
        "vfile": "^6.0.3",
        "vite": "^6.3.6",
        "vitefu": "^1.1.1",
        "xxhash-wasm": "^1.1.0",
        "yargs-parser": "^21.1.1",
        "yocto-spinner": "^0.2.3",
        "zod": "^3.25.76",
        "zod-to-json-schema": "^3.24.6",
        "zod-to-ts": "^1.2.0"
      },
      "bin": {
        "astro": "astro.js"
      },
      "devDependencies": {
        "@astrojs/check": "^0.9.4",
        "@playwright/test": "1.51.1",
        "@types/aria-query": "^5.0.4",
        "@types/common-ancestor-path": "^1.0.2",
        "@types/cssesc": "^3.0.2",
        "@types/debug": "^4.1.12",
        "@types/diff": "^5.2.3",
        "@types/dlv": "^1.1.5",
        "@types/hast": "^3.0.4",
        "@types/html-escaper": "3.0.4",
        "@types/http-cache-semantics": "^4.0.4",
        "@types/js-yaml": "^4.0.9",
        "@types/picomatch": "^3.0.2",
        "@types/prompts": "^2.4.9",
        "@types/semver": "^7.7.0",
        "@types/yargs-parser": "^21.0.3",
        "astro-scripts": "0.0.14",
        "cheerio": "1.1.2",
        "eol": "^0.10.0",
        "execa": "^8.0.1",
        "expect-type": "^1.2.2",
        "fs-fixture": "^2.8.1",
        "mdast-util-mdx": "^3.0.0",
        "mdast-util-mdx-jsx": "^3.2.0",
        "node-mocks-http": "^1.17.2",
        "parse-srcset": "^1.0.2",
        "rehype-autolink-headings": "^7.1.0",
        "rehype-slug": "^6.0.0",
        "rehype-toc": "^3.0.2",
        "remark-code-titles": "^0.1.2",
        "rollup": "^4.50.0",
        "sass": "^1.91.0",
        "typescript": "^5.9.2",
        "undici": "^6.21.3",
        "unified": "^11.0.5",
        "vitest": "^3.2.4"
      },
      "engines": {
        "node": "18.20.8 || ^20.3.0 || >=22.0.0",
        "npm": ">=9.6.5",
        "pnpm": ">=7.1.0"
      },
      "funding": {
        "type": "opencollective",
        "url": "https://opencollective.com/astrodotbuild"
      },
      "optionalDependencies": {
        "sharp": "^0.34.0"
      }
    },
    "../node_modules/.pnpm/clsx@2.1.1/node_modules/clsx": {
      "version": "2.1.1",
      "license": "MIT",
      "devDependencies": {
        "esm": "3.2.25",
        "terser": "4.8.0",
        "uvu": "0.5.4"
      },
      "engines": {
        "node": ">=6"
      }
    },
    "../node_modules/.pnpm/p5@1.9.4/node_modules/p5": {
      "version": "1.9.4",
      "license": "LGPL-2.1",
      "devDependencies": {
        "@babel/core": "^7.7.7",
        "@babel/preset-env": "^7.10.2",
        "@babel/register": "^7.7.7",
        "all-contributors-cli": "^6.19.0",
        "babel-plugin-i18next-extract": "^0.5.0",
        "babel-plugin-istanbul": "^5.2.0",
        "babelify": "^10.0.0",
        "brfs-babel": "^2.0.0",
        "browserify": "^16.5.0",
        "chai": "^3.5.0",
        "connect-modrewrite": "^0.10.1",
        "core-js": "^3.6.5",
        "derequire": "^2.0.0",
        "es6-promise": "^4.2.8",
        "eslint": "^8.23.1",
        "fetch-jsonp": "^1.1.3",
        "file-saver": "^1.3.8",
        "gifenc": "^1.0.3",
        "grunt": "^1.6.1",
        "grunt-cli": "^1.4.3",
        "grunt-contrib-clean": "^2.0.1",
        "grunt-contrib-connect": "^3.0.0",
        "grunt-contrib-uglify": "^5.2.2",
        "grunt-contrib-watch": "^1.1.0",
        "grunt-contrib-yuidoc": "1.0.0",
        "grunt-eslint": "^24.0.0",
        "grunt-minjson": "^0.4.0",
        "grunt-mocha-test": "^0.13.3",
        "grunt-newer": "^1.3.0",
        "grunt-simple-nyc": "^3.0.1",
        "html-entities": "^1.3.1",
        "husky": "^4.2.3",
        "i18next": "^19.0.2",
        "i18next-browser-languagedetector": "^4.0.1",
        "libtess": "^1.2.2",
        "lint-staged": "^4.3.0",
        "marked": "^4.0.10",
        "mocha": "^10.2.0",
        "np": "^8.0.4",
        "omggif": "^1.0.10",
        "open": "^7.0.3",
        "opentype.js": "^0.9.0",
        "pretty-fast": "^0.2.7",
        "promise-map-series": "^0.2.3",
        "puppeteer": "^18.2.1",
        "regenerator-runtime": "^0.13.3",
        "simple-git": "^3.16.1",
        "whatwg-fetch": "^2.0.4"
      }
    },
    "../node_modules/.pnpm/react-dom@19.1.0_react@19.1.0/node_modules/react-dom": {
      "version": "19.1.0",
      "license": "MIT",
      "dependencies": {
        "scheduler": "^0.26.0"
      },
      "peerDependencies": {
        "react": "^19.1.0"
      }
    },
    "../node_modules/.pnpm/react-is@19.1.0/node_modules/react-is": {
      "version": "19.1.0",
      "license": "MIT"
    },
    "../node_modules/.pnpm/react@19.1.0/node_modules/react": {
      "version": "19.1.0",
      "license": "MIT",
      "engines": {
        "node": ">=0.10.0"
      }
    },
    "../node_modules/.pnpm/resend@6.3.0/node_modules/resend": {
      "version": "6.3.0",
      "extraneous": true,
      "license": "MIT",
      "dependencies": {
        "svix": "1.76.1"
      },
      "devDependencies": {
        "@biomejs/biome": "2.2.0",
        "@types/node": "22.18.6",
        "@types/react": "19.1.15",
        "pkg-pr-new": "0.0.60",
        "tsup": "8.5.0",
        "typescript": "5.9.2",
        "vitest": "3.2.4",
        "vitest-fetch-mock": "0.4.5"
      },
      "engines": {
        "node": ">=18"
      },
      "peerDependencies": {
        "@react-email/render": "*"
      },
      "peerDependenciesMeta": {
        "@react-email/render": {
          "optional": true
        }
      }
    },
    "../node_modules/.pnpm/sanity@3.82.0_@emotion+is-prop-valid@1.2.2_@types+node@24.9.1_@types+react@19.0.12_jiti_8c1594288e6b30bc62ef10afc62ba23f/node_modules/sanity": {
      "version": "3.82.0",
      "license": "MIT",
      "dependencies": {
        "@dnd-kit/core": "^6.0.5",
        "@dnd-kit/modifiers": "^6.0.0",
        "@dnd-kit/sortable": "^7.0.1",
        "@dnd-kit/utilities": "^3.2.0",
        "@juggle/resize-observer": "^3.3.1",
        "@portabletext/block-tools": "^1.1.16",
        "@portabletext/editor": "^1.44.4",
        "@portabletext/react": "^3.0.0",
        "@portabletext/toolkit": "^2.0.16",
        "@rexxars/react-json-inspector": "^9.0.1",
        "@sanity/asset-utils": "^2.0.6",
        "@sanity/bifur-client": "^0.4.1",
        "@sanity/cli": "3.82.0",
        "@sanity/client": "^6.28.4",
        "@sanity/color": "^3.0.0",
        "@sanity/comlink": "^3.0.1",
        "@sanity/diff": "3.82.0",
        "@sanity/diff-match-patch": "^3.1.1",
        "@sanity/diff-patch": "^5.0.0",
        "@sanity/eventsource": "^5.0.0",
        "@sanity/export": "^3.42.2",
        "@sanity/icons": "^3.7.0",
        "@sanity/image-url": "^1.0.2",
        "@sanity/import": "^3.38.0",
        "@sanity/insert-menu": "^1.1.7",
        "@sanity/logos": "^2.1.13",
        "@sanity/migrate": "3.82.0",
        "@sanity/mutator": "3.82.0",
        "@sanity/presentation-comlink": "^1.0.13",
        "@sanity/preview-url-secret": "^2.1.6",
        "@sanity/schema": "3.82.0",
        "@sanity/telemetry": "^0.8.0",
        "@sanity/types": "3.82.0",
        "@sanity/ui": "^2.15.10",
        "@sanity/util": "3.82.0",
        "@sanity/uuid": "^3.0.2",
        "@sentry/react": "^8.33.0",
        "@tanstack/react-table": "^8.16.0",
        "@tanstack/react-virtual": "^3.11.2",
        "@types/react-is": "^19.0.0",
        "@types/shallow-equals": "^1.0.0",
        "@types/speakingurl": "^13.0.3",
        "@types/tar-stream": "^3.1.3",
        "@types/use-sync-external-store": "^0.0.6",
        "@vitejs/plugin-react": "^4.3.4",
        "archiver": "^7.0.0",
        "arrify": "^2.0.1",
        "async-mutex": "^0.4.1",
        "chalk": "^4.1.2",
        "chokidar": "^3.5.3",
        "classnames": "^2.2.5",
        "color2k": "^2.0.0",
        "configstore": "^5.0.1",
        "console-table-printer": "^2.11.1",
        "dataloader": "^2.1.0",
        "date-fns": "^2.26.1",
        "debug": "^4.3.4",
        "esbuild": "0.21.5",
        "esbuild-register": "^3.5.0",
        "execa": "^2.0.0",
        "exif-component": "^1.0.1",
        "fast-deep-equal": "3.1.3",
        "form-data": "^4.0.0",
        "framer-motion": "^12.6.2",
        "get-it": "^8.6.7",
        "get-random-values-esm": "1.0.2",
        "groq-js": "^1.16.1",
        "history": "^5.3.0",
        "i18next": "^23.2.7",
        "import-fresh": "^3.3.0",
        "is-hotkey-esm": "^1.0.0",
        "isomorphic-dompurify": "^2.19.0",
        "jsdom": "^23.0.1",
        "jsdom-global": "^3.0.2",
        "json-lexer": "^1.2.0",
        "json-reduce": "^3.0.0",
        "json5": "^2.2.3",
        "lodash": "^4.17.21",
        "log-symbols": "^2.2.0",
        "mendoza": "^3.0.0",
        "module-alias": "^2.2.2",
        "nano-pubsub": "^3.0.0",
        "nanoid": "^3.1.30",
        "node-html-parser": "^6.1.13",
        "observable-callback": "^1.0.1",
        "oneline": "^1.0.3",
        "open": "^8.4.0",
        "p-map": "^7.0.0",
        "path-to-regexp": "^6.3.0",
        "pirates": "^4.0.0",
        "pluralize-esm": "^9.0.2",
        "polished": "^4.2.2",
        "pretty-ms": "^7.0.1",
        "quick-lru": "^5.1.1",
        "raf": "^3.4.1",
        "react-compiler-runtime": "19.0.0-beta-e993439-20250328",
        "react-fast-compare": "^3.2.0",
        "react-focus-lock": "^2.13.6",
        "react-i18next": "14.0.2",
        "react-is": "^18.2.0",
        "react-refractor": "^2.1.6",
        "react-rx": "^4.1.26",
        "read-pkg-up": "^7.0.1",
        "refractor": "^3.6.0",
        "resolve-from": "^5.0.0",
        "resolve.exports": "^2.0.2",
        "rimraf": "^5.0.10",
        "rxjs": "^7.8.0",
        "rxjs-exhaustmap-with-trailing": "^2.1.1",
        "rxjs-mergemap-array": "^0.1.0",
        "scroll-into-view-if-needed": "^3.0.3",
        "scrollmirror": "^1.2.0",
        "semver": "^7.3.5",
        "shallow-equals": "^1.0.0",
        "speakingurl": "^14.0.1",
        "suspend-react": "0.1.3",
        "tar-fs": "^2.1.1",
        "tar-stream": "^3.1.7",
        "use-device-pixel-ratio": "^1.1.0",
        "use-effect-event": "^1.0.2",
        "use-hot-module-reload": "^2.0.0",
        "use-sync-external-store": "^1.2.0",
        "uuid": "^11.0.5",
        "valibot": "0.31.1",
        "vite": "^6.0.11",
        "yargs": "^17.3.0"
      },
      "bin": {
        "sanity": "bin/sanity"
      },
      "devDependencies": {
        "@playwright/experimental-ct-react": "1.51.1",
        "@playwright/test": "1.51.1",
        "@repo/dev-aliases": "3.82.0",
        "@repo/package.config": "3.82.0",
        "@repo/test-config": "3.82.0",
        "@sanity/codegen": "3.82.0",
        "@sanity/generate-help-url": "^3.0.0",
        "@sanity/pkg-utils": "6.13.4",
        "@sanity/tsdoc": "1.0.169",
        "@sanity/ui-workshop": "^1.2.11",
        "@sanity/visual-editing-csm": "^2.0.10",
        "@sentry/types": "^8.12.0",
        "@testing-library/jest-dom": "^6.6.3",
        "@testing-library/react": "^16.2.0",
        "@testing-library/user-event": "^13.5.0",
        "@types/archiver": "^6.0.2",
        "@types/configstore": "^5.0.1",
        "@types/debug": "^4.1.12",
        "@types/jsdom": "^20.0.0",
        "@types/lodash": "^4.17.7",
        "@types/log-symbols": "^2.0.0",
        "@types/node": "^22.10.0",
        "@types/raf": "^3.4.0",
        "@types/react": "^19.0.10",
        "@types/react-dom": "^19.0.4",
        "@types/refractor": "^3.0.0",
        "@types/resolve-from": "^4.0.0",
        "@types/semver": "^6.2.3",
        "@types/tar-fs": "^2.0.1",
        "@types/wicg-task-scheduling": "^2024.1.0",
        "@vitejs/plugin-react": "^4.3.4",
        "@vitest/expect": "^3.1.1",
        "@vvo/tzdb": "6.137.0",
        "babel-plugin-react-compiler": "19.0.0-beta-e993439-20250328",
        "blob-polyfill": "^9.0.20240710",
        "date-fns-tz": "2.0.1",
        "react": "^18.3.1",
        "react-dom": "^18.3.1",
        "rxjs-etc": "^10.6.2",
        "styled-components": "^6.1.16",
        "swr": "2.2.5",
        "vitest": "^3.1.1",
        "vitest-package-exports": "^0.1.1"
      },
      "engines": {
        "node": ">=18"
      },
      "peerDependencies": {
        "react": "^18 || ^19",
        "react-dom": "^18 || ^19",
        "styled-components": "^6.1.15"
      }
    },
    "../node_modules/.pnpm/tailwind-merge@3.3.1/node_modules/tailwind-merge": {
      "version": "3.3.1",
      "license": "MIT",
      "devDependencies": {
        "@babel/core": "^7.27.4",
        "@babel/preset-env": "^7.27.2",
        "@codspeed/vitest-plugin": "^4.0.1",
        "@rollup/plugin-babel": "^6.0.4",
        "@rollup/plugin-node-resolve": "^16.0.1",
        "@rollup/plugin-typescript": "^12.1.2",
        "@vitest/coverage-v8": "^3.1.4",
        "@vitest/eslint-plugin": "^1.2.1",
        "babel-plugin-annotate-pure-calls": "^0.5.0",
        "babel-plugin-polyfill-regenerator": "^0.6.4",
        "eslint": "^9.28.0",
        "eslint-plugin-import": "^2.31.0",
        "globby": "^11.1.0",
        "prettier": "^3.5.3",
        "rollup": "^4.41.1",
        "rollup-plugin-delete": "^3.0.1",
        "rollup-plugin-dts": "^6.2.1",
        "tslib": "^2.8.1",
        "typescript": "^5.8.3",
        "typescript-eslint": "^8.33.0",
        "vitest": "^3.1.4",
        "zx": "^8.5.4"
      },
      "funding": {
        "type": "github",
        "url": "https://github.com/sponsors/dcastil"
      }
    },
    "../node_modules/.pnpm/tailwindcss@4.0.0/node_modules/tailwindcss": {
      "version": "4.0.0",
      "dev": true,
      "license": "MIT",
      "devDependencies": {
        "@tailwindcss/oxide": "^4.0.0",
        "@types/node": "^20.14.8",
        "dedent": "1.5.3",
        "lightningcss": "^1.29.1"
      }
    },
    "../node_modules/.pnpm/typescript@5.9.3/node_modules/typescript": {
      "version": "5.9.3",
      "dev": true,
      "license": "Apache-2.0",
      "bin": {
        "tsc": "bin/tsc",
        "tsserver": "bin/tsserver"
      },
      "devDependencies": {
        "@dprint/formatter": "^0.4.1",
        "@dprint/typescript": "0.93.4",
        "@esfx/canceltoken": "^1.0.0",
        "@eslint/js": "^9.20.0",
        "@octokit/rest": "^21.1.1",
        "@types/chai": "^4.3.20",
        "@types/diff": "^7.0.1",
        "@types/minimist": "^1.2.5",
        "@types/mocha": "^10.0.10",
        "@types/ms": "^0.7.34",
        "@types/node": "latest",
        "@types/source-map-support": "^0.5.10",
        "@types/which": "^3.0.4",
        "@typescript-eslint/rule-tester": "^8.24.1",
        "@typescript-eslint/type-utils": "^8.24.1",
        "@typescript-eslint/utils": "^8.24.1",
        "azure-devops-node-api": "^14.1.0",
        "c8": "^10.1.3",
        "chai": "^4.5.0",
        "chokidar": "^4.0.3",
        "diff": "^7.0.0",
        "dprint": "^0.49.0",
        "esbuild": "^0.25.0",
        "eslint": "^9.20.1",
        "eslint-formatter-autolinkable-stylish": "^1.4.0",
        "eslint-plugin-regexp": "^2.7.0",
        "fast-xml-parser": "^4.5.2",
        "glob": "^10.4.5",
        "globals": "^15.15.0",
        "hereby": "^1.10.0",
        "jsonc-parser": "^3.3.1",
        "knip": "^5.44.4",
        "minimist": "^1.2.8",
        "mocha": "^10.8.2",
        "mocha-fivemat-progress-reporter": "^0.1.0",
        "monocart-coverage-reports": "^2.12.1",
        "ms": "^2.1.3",
        "picocolors": "^1.1.1",
        "playwright": "^1.50.1",
        "source-map-support": "^0.5.21",
        "tslib": "^2.8.1",
        "typescript": "^5.7.3",
        "typescript-eslint": "^8.24.1",
        "which": "^3.0.1"
      },
      "engines": {
        "node": ">=14.17"
      }
    },
    "../node_modules/.pnpm/vitest@3.2.4_@types+debug@4.1.12_@types+node@24.9.1_@vitest+ui@3.2.4_jiti@2.6.1_jsdom@2_ca2c6c1bd609d45dc88f5f7147a98b3c/node_modules/vitest": {
      "version": "3.2.4",
      "dev": true,
      "license": "MIT",
      "dependencies": {
        "@types/chai": "^5.2.2",
        "@vitest/expect": "3.2.4",
        "@vitest/mocker": "3.2.4",
        "@vitest/pretty-format": "^3.2.4",
        "@vitest/runner": "3.2.4",
        "@vitest/snapshot": "3.2.4",
        "@vitest/spy": "3.2.4",
        "@vitest/utils": "3.2.4",
        "chai": "^5.2.0",
        "debug": "^4.4.1",
        "expect-type": "^1.2.1",
        "magic-string": "^0.30.17",
        "pathe": "^2.0.3",
        "picomatch": "^4.0.2",
        "std-env": "^3.9.0",
        "tinybench": "^2.9.0",
        "tinyexec": "^0.3.2",
        "tinyglobby": "^0.2.14",
        "tinypool": "^1.1.1",
        "tinyrainbow": "^2.0.0",
        "vite": "^5.0.0 || ^6.0.0 || ^7.0.0-0",
        "vite-node": "3.2.4",
        "why-is-node-running": "^2.3.0"
      },
      "bin": {
        "vitest": "vitest.mjs"
      },
      "devDependencies": {
        "@ampproject/remapping": "^2.3.0",
        "@antfu/install-pkg": "^1.1.0",
        "@edge-runtime/vm": "^5.0.0",
        "@sinonjs/fake-timers": "14.0.0",
        "@types/debug": "^4.1.12",
        "@types/estree": "^1.0.8",
        "@types/istanbul-lib-coverage": "^2.0.6",
        "@types/istanbul-reports": "^3.0.4",
        "@types/jsdom": "^21.1.7",
        "@types/mime": "^4.0.0",
        "@types/node": "^22.15.32",
        "@types/picomatch": "^4.0.0",
        "@types/prompts": "^2.4.9",
        "@types/sinonjs__fake-timers": "^8.1.5",
        "acorn-walk": "^8.3.4",
        "birpc": "2.4.0",
        "cac": "^6.7.14",
        "chai-subset": "^1.6.0",
        "find-up": "^6.3.0",
        "flatted": "^3.3.3",
        "happy-dom": "^17.6.3",
        "jsdom": "^26.1.0",
        "local-pkg": "^1.1.1",
        "mime": "^4.0.7",
        "pretty-format": "^29.7.0",
        "prompts": "^2.4.2",
        "strip-literal": "^3.0.0",
        "ws": "^8.18.2"
      },
      "engines": {
        "node": "^18.0.0 || ^20.0.0 || >=22.0.0"
      },
      "funding": {
        "url": "https://opencollective.com/vitest"
      },
      "peerDependencies": {
        "@edge-runtime/vm": "*",
        "@types/debug": "^4.1.12",
        "@types/node": "^18.0.0 || ^20.0.0 || >=22.0.0",
        "@vitest/browser": "3.2.4",
        "@vitest/ui": "3.2.4",
        "happy-dom": "*",
        "jsdom": "*"
      },
      "peerDependenciesMeta": {
        "@edge-runtime/vm": {
          "optional": true
        },
        "@types/debug": {
          "optional": true
        },
        "@types/node": {
          "optional": true
        },
        "@vitest/browser": {
          "optional": true
        },
        "@vitest/ui": {
          "optional": true
        },
        "happy-dom": {
          "optional": true
        },
        "jsdom": {
          "optional": true
        }
      }
    },
    "node_modules/@astrojs/check": {
      "resolved": "../node_modules/.pnpm/@astrojs+check@0.9.5_prettier@3.6.2_typescript@5.9.3/node_modules/@astrojs/check",
      "link": true
    },
    "node_modules/@astrojs/cloudflare": {
      "resolved": "../node_modules/.pnpm/@astrojs+cloudflare@12.6.10_@types+node@24.9.1_astro@5.14.7_@types+node@24.9.1_aws4fetc_b08ed165ba19eb4e3effd9f2833e29bc/node_modules/@astrojs/cloudflare",
      "link": true
    },
    "node_modules/@astrojs/react": {
      "resolved": "../node_modules/.pnpm/@astrojs+react@4.4.0_@types+node@24.9.1_@types+react-dom@19.0.4_@types+react@19.0.12__@_5772714379e8ad69e06c6244b9abe764/node_modules/@astrojs/react",
      "link": true
    },
    "node_modules/@cloudflare/workers-types": {
      "resolved": "../node_modules/.pnpm/@cloudflare+workers-types@4.20251014.0/node_modules/@cloudflare/workers-types",
      "link": true
    },
    "node_modules/@sanity/astro": {
      "resolved": "../node_modules/.pnpm/@sanity+astro@3.2.6_@emotion+is-prop-valid@1.2.2_@sanity+client@6.28.4_@sanity+types@3._8ae6773e136e08c1130f5d887e303a81/node_modules/@sanity/astro",
      "link": true
    },
    "node_modules/@sanity/client": {
      "resolved": "../node_modules/.pnpm/@sanity+client@6.28.4_debug@4.4.0/node_modules/@sanity/client",
      "link": true
    },
    "node_modules/@sanity/image-url": {
      "resolved": "../node_modules/.pnpm/@sanity+image-url@1.2.0/node_modules/@sanity/image-url",
      "link": true
    },
    "node_modules/@tailwindcss/vite": {
      "resolved": "../node_modules/.pnpm/@tailwindcss+vite@4.1.15_vite@6.2.4_@types+node@24.9.1_jiti@2.6.1_lightningcss@1.30.2_yaml@2.8.1_/node_modules/@tailwindcss/vite",
      "link": true
    },
    "node_modules/@types/p5": {
      "resolved": "../node_modules/.pnpm/@types+p5@1.7.6/node_modules/@types/p5",
      "link": true
    },
    "node_modules/@types/react": {
      "resolved": "../node_modules/.pnpm/@types+react@19.0.12/node_modules/@types/react",
      "link": true
    },
    "node_modules/@types/react-dom": {
      "resolved": "../node_modules/.pnpm/@types+react-dom@19.0.4_@types+react@19.0.12/node_modules/@types/react-dom",
      "link": true
    },
    "node_modules/astro": {
      "resolved": "../node_modules/.pnpm/astro@5.14.7_@types+node@24.9.1_aws4fetch@1.0.20_jiti@2.6.1_lightningcss@1.30.2_rollup@_3ea5347f3620f9195a006a698fcbc3ec/node_modules/astro",
      "link": true
    },
    "node_modules/class-variance-authority": {
      "version": "0.7.1",
      "resolved": "https://registry.npmjs.org/class-variance-authority/-/class-variance-authority-0.7.1.tgz",
      "integrity": "sha512-Ka+9Trutv7G8M6WT6SeiRWz792K5qEqIGEGzXKhAE6xOWAY6pPH8U+9IY3oCMv6kqTmLsv7Xh/2w2RigkePMsg==",
      "license": "Apache-2.0",
      "dependencies": {
        "clsx": "^2.1.1"
      },
      "funding": {
        "url": "https://polar.sh/cva"
      }
    },
    "node_modules/clsx": {
      "resolved": "../node_modules/.pnpm/clsx@2.1.1/node_modules/clsx",
      "link": true
    },
    "node_modules/p5": {
      "resolved": "../node_modules/.pnpm/p5@1.9.4/node_modules/p5",
      "link": true
    },
    "node_modules/react": {
      "resolved": "../node_modules/.pnpm/react@19.1.0/node_modules/react",
      "link": true
    },
    "node_modules/react-dom": {
      "resolved": "../node_modules/.pnpm/react-dom@19.1.0_react@19.1.0/node_modules/react-dom",
      "link": true
    },
    "node_modules/react-is": {
      "resolved": "../node_modules/.pnpm/react-is@19.1.0/node_modules/react-is",
      "link": true
    },
    "node_modules/sanity": {
      "resolved": "../node_modules/.pnpm/sanity@3.82.0_@emotion+is-prop-valid@1.2.2_@types+node@24.9.1_@types+react@19.0.12_jiti_8c1594288e6b30bc62ef10afc62ba23f/node_modules/sanity",
      "link": true
    },
    "node_modules/tailwind-merge": {
      "resolved": "../node_modules/.pnpm/tailwind-merge@3.3.1/node_modules/tailwind-merge",
      "link": true
    },
    "node_modules/tailwindcss": {
      "resolved": "../node_modules/.pnpm/tailwindcss@4.0.0/node_modules/tailwindcss",
      "link": true
    },
    "node_modules/typescript": {
      "resolved": "../node_modules/.pnpm/typescript@5.9.3/node_modules/typescript",
      "link": true
    },
    "node_modules/vitest": {
      "resolved": "../node_modules/.pnpm/vitest@3.2.4_@types+debug@4.1.12_@types+node@24.9.1_@vitest+ui@3.2.4_jiti@2.6.1_jsdom@2_ca2c6c1bd609d45dc88f5f7147a98b3c/node_modules/vitest",
      "link": true
    }
  }
}
